
Microsoft Visual Studio Solution File, Format Version 12.00
Project("{FAE04EC0-301F-11D3-BF4B-00C04F79EFBC}") = "ENFLookup", "ENFLookup\ENFLookup.csproj", "{CEAB485E-E608-4349-A8B9-300A19D7E0D0}"
EndProject
Project("{FAE04EC0-301F-11D3-BF4B-00C04F79EFBC}") = "ENFLookup.test", "ENFLookup.test\ENFLookup.test.csproj", "{FC3C133E-F776-4B99-890F-2A73F4DD03A3}"
EndProject
Project("{FAE04EC0-301F-11D3-BF4B-00C04F79EFBC}") = "ENFLookupServer", "ENFLookupServer\ENFLookupServer.csproj", "{7A2960F8-A726-4338-A9A7-41147C464B09}"
EndProject
Project("{FAE04EC0-301F-11D3-BF4B-00C04F79EFBC}") = "ENFLookup.Benchmark", "ENFLookup.Benchmark\ENFLookup.Benchmark.csproj", "{3D9159D8-4EBB-4EF0-83C0-8EA7CA1CD77C}"
EndProject
Global
	GlobalSection(SolutionConfigurationPlatforms) = preSolution
		Debug|Any CPU = Debug|Any CPU
		Release|Any CPU = Release|Any CPU
	EndGlobalSection
	GlobalSection(ProjectConfigurationPlatforms) = postSolution
		{CEAB485E-E608-4349-A8B9-300A19D7E0D0}.Debug|Any CPU.ActiveCfg = Debug|Any CPU
		{CEAB485E-E608-4349-A8B9-300A19D7E0D0}.Debug|Any CPU.Build.0 = Debug|Any CPU
		{CEAB485E-E608-4349-A8B9-300A19D7E0D0}.Release|Any CPU.ActiveCfg = Release|Any CPU
		{CEAB485E-E608-4349-A8B9-300A19D7E0D0}.Release|Any CPU.Build.0 = Release|Any CPU
		{FC3C133E-F776-4B99-890F-2A73F4DD03A3}.Debug|Any CPU.ActiveCfg = Debug|Any CPU
		{FC3C133E-F776-4B99-890F-2A73F4DD03A3}.Debug|Any CPU.Build.0 = Debug|Any CPU
		{FC3C133E-F776-4B99-890F-2A73F4DD03A3}.Release|Any CPU.ActiveCfg = Release|Any CPU
		{FC3C133E-F776-4B99-890F-2A73F4DD03A3}.Release|Any CPU.Build.0 = Release|Any CPU
		{7A2960F8-A726-4338-A9A7-41147C464B09}.Debug|Any CPU.ActiveCfg = Debug|Any CPU
		{7A2960F8-A726-4338-A9A7-41147C464B09}.Debug|Any CPU.Build.0 = Debug|Any CPU
		{7A2960F8-A726-4338-A9A7-41147C464B09}.Release|Any CPU.ActiveCfg = Release|Any CPU
		{7A2960F8-A726-4338-A9A7-41147C464B09}.Release|Any CPU.Build.0 = Release|Any CPU
		{3D9159D8-4EBB-4EF0-83C0-8EA7CA1CD77C}.Debug|Any CPU.ActiveCfg = Debug|Any CPU
		{3D9159D8-4EBB-4EF0-83C0-8EA7CA1CD77C}.Debug|Any CPU.Build.0 = Debug|Any CPU
		{3D9159D8-4EBB-4EF0-83C0-8EA7CA1CD77C}.Release|Any CPU.ActiveCfg = Release|Any CPU
		{3D9159D8-4EBB-4EF0-83C0-8EA7CA1CD77C}.Release|Any CPU.Build.0 = Release|Any CPU
	EndGlobalSection
EndGlobal
